{
  "nodes": {
    "acmsl-licdata-artifact-events": {
      "inputs": {
        "flake-utils": [
          "flake-utils"
        ],
        "nixpkgs": [
          "nixpkgs"
        ],
        "pythoneda-shared-pythonlang-banner": [
          "pythoneda-shared-pythonlang-banner"
        ],
        "pythoneda-shared-pythonlang-domain": [
          "pythoneda-shared-pythonlang-domain"
        ]
      },
      "locked": {
        "lastModified": 1734769066,
        "narHash": "sha256-qQ5eQG8CRUwTHtSNcapfwknbtx+zEwYIv53vd5SkQI0=",
        "owner": "acmsl-def",
        "repo": "licdata-artifact-events",
        "rev": "a5cacc60cb9e1f708662f1228241fdb8d263c828",
        "type": "github"
      },
      "original": {
        "owner": "acmsl-def",
        "ref": "0.0.20",
        "repo": "licdata-artifact-events",
        "type": "github"
      }
    },
    "acmsl-licdata-artifact-events-infrastructure": {
      "inputs": {
        "acmsl-licdata-artifact-events": [
          "acmsl-licdata-artifact-events"
        ],
        "flake-utils": [
          "flake-utils"
        ],
        "nixpkgs": [
          "nixpkgs"
        ],
        "pythoneda-shared-pythonlang-banner": [
          "pythoneda-shared-pythonlang-banner"
        ],
        "pythoneda-shared-pythonlang-domain": [
          "pythoneda-shared-pythonlang-domain"
        ],
        "pythoneda-shared-pythonlang-infrastructure": "pythoneda-shared-pythonlang-infrastructure"
      },
      "locked": {
        "lastModified": 1734769131,
        "narHash": "sha256-UdpQcLeYxsuGocYprB7qvz1jOh9H2zoWsN8RrFj1zDg=",
        "owner": "acmsl-def",
        "repo": "licdata-artifact-events-infrastructure",
        "rev": "8b5463667924c32fe859d1a335bdc38630a08cce",
        "type": "github"
      },
      "original": {
        "owner": "acmsl-def",
        "ref": "0.0.22",
        "repo": "licdata-artifact-events-infrastructure",
        "type": "github"
      }
    },
    "acmsl-licdata-artifact-events_2": {
      "inputs": {
        "flake-utils": [
          "acmsl-licdata-iac-domain",
          "flake-utils"
        ],
        "nixpkgs": [
          "acmsl-licdata-iac-domain",
          "nixpkgs"
        ],
        "pythoneda-shared-pythonlang-banner": [
          "acmsl-licdata-iac-domain",
          "pythoneda-shared-pythonlang-banner"
        ],
        "pythoneda-shared-pythonlang-domain": [
          "acmsl-licdata-iac-domain",
          "pythoneda-shared-pythonlang-domain"
        ]
      },
      "locked": {
        "lastModified": 1734769066,
        "narHash": "sha256-qQ5eQG8CRUwTHtSNcapfwknbtx+zEwYIv53vd5SkQI0=",
        "owner": "acmsl-def",
        "repo": "licdata-artifact-events",
        "rev": "a5cacc60cb9e1f708662f1228241fdb8d263c828",
        "type": "github"
      },
      "original": {
        "owner": "acmsl-def",
        "ref": "0.0.20",
        "repo": "licdata-artifact-events",
        "type": "github"
      }
    },
    "acmsl-licdata-iac-domain": {
      "inputs": {
        "acmsl-licdata-artifact-events": "acmsl-licdata-artifact-events_2",
        "flake-utils": [
          "flake-utils"
        ],
        "nixpkgs": [
          "nixpkgs"
        ],
        "pythoneda-shared-iac-events": [
          "pythoneda-shared-iac-events"
        ],
        "pythoneda-shared-iac-pulumi-azure": [
          "pythoneda-shared-iac-pulumi-azure"
        ],
        "pythoneda-shared-iac-shared": [
          "pythoneda-shared-iac-shared"
        ],
        "pythoneda-shared-pythonlang-banner": [
          "pythoneda-shared-pythonlang-banner"
        ],
        "pythoneda-shared-pythonlang-domain": [
          "pythoneda-shared-pythonlang-domain"
        ],
        "pythoneda-shared-runtime-secrets-events": "pythoneda-shared-runtime-secrets-events"
      },
      "locked": {
        "lastModified": 1734769680,
        "narHash": "sha256-k79m55t2ELt2S5r8PU9NjsMaoQiyZYh3M1nEk977ck4=",
        "owner": "acmsl-def",
        "repo": "licdata-iac-domain",
        "rev": "1f9a6b071107b6ba37f97c9bd863aa955e7b08c8",
        "type": "github"
      },
      "original": {
        "owner": "acmsl-def",
        "ref": "0.0.27",
        "repo": "licdata-iac-domain",
        "type": "github"
      }
    },
    "esdbclient": {
      "inputs": {
        "flake-utils": [
          "acmsl-licdata-artifact-events-infrastructure",
          "pythoneda-shared-pythonlang-infrastructure",
          "flake-utils"
        ],
        "nixpkgs": [
          "acmsl-licdata-artifact-events-infrastructure",
          "pythoneda-shared-pythonlang-infrastructure",
          "nixpkgs"
        ]
      },
      "locked": {
        "dir": "esdbclient",
        "lastModified": 1733507692,
        "narHash": "sha256-IBPBdUFCp/HAlg/LMHlf5yW9SILoyEota9r14C1983w=",
        "owner": "rydnr",
        "repo": "nix-flakes",
        "rev": "d810b75bee44f2049a1769d99493636d7e631632",
        "type": "github"
      },
      "original": {
        "dir": "esdbclient",
        "owner": "rydnr",
        "ref": "esdbclient-1.1.3.1",
        "repo": "nix-flakes",
        "type": "github"
      }
    },
    "esdbclient_2": {
      "inputs": {
        "flake-utils": [
          "pythoneda-shared-iac-events-infrastructure",
          "pythoneda-shared-pythonlang-infrastructure",
          "flake-utils"
        ],
        "nixpkgs": [
          "pythoneda-shared-iac-events-infrastructure",
          "pythoneda-shared-pythonlang-infrastructure",
          "nixpkgs"
        ]
      },
      "locked": {
        "dir": "esdbclient",
        "lastModified": 1733507692,
        "narHash": "sha256-IBPBdUFCp/HAlg/LMHlf5yW9SILoyEota9r14C1983w=",
        "owner": "rydnr",
        "repo": "nix-flakes",
        "rev": "d810b75bee44f2049a1769d99493636d7e631632",
        "type": "github"
      },
      "original": {
        "dir": "esdbclient",
        "owner": "rydnr",
        "ref": "esdbclient-1.1.3.1",
        "repo": "nix-flakes",
        "type": "github"
      }
    },
    "esdbclient_3": {
      "inputs": {
        "flake-utils": [
          "pythoneda-shared-pythonlang-infrastructure",
          "flake-utils"
        ],
        "nixpkgs": [
          "pythoneda-shared-pythonlang-infrastructure",
          "nixpkgs"
        ]
      },
      "locked": {
        "dir": "esdbclient",
        "lastModified": 1733507692,
        "narHash": "sha256-IBPBdUFCp/HAlg/LMHlf5yW9SILoyEota9r14C1983w=",
        "owner": "rydnr",
        "repo": "nix-flakes",
        "rev": "d810b75bee44f2049a1769d99493636d7e631632",
        "type": "github"
      },
      "original": {
        "dir": "esdbclient",
        "owner": "rydnr",
        "ref": "esdbclient-1.1.3.1",
        "repo": "nix-flakes",
        "type": "github"
      }
    },
    "esdbclient_4": {
      "inputs": {
        "flake-utils": [
          "pythoneda-shared-runtime-secrets-events-infrastructure",
          "pythoneda-shared-pythonlang-infrastructure",
          "flake-utils"
        ],
        "nixpkgs": [
          "pythoneda-shared-runtime-secrets-events-infrastructure",
          "pythoneda-shared-pythonlang-infrastructure",
          "nixpkgs"
        ]
      },
      "locked": {
        "dir": "esdbclient",
        "lastModified": 1733507692,
        "narHash": "sha256-IBPBdUFCp/HAlg/LMHlf5yW9SILoyEota9r14C1983w=",
        "owner": "rydnr",
        "repo": "nix-flakes",
        "rev": "d810b75bee44f2049a1769d99493636d7e631632",
        "type": "github"
      },
      "original": {
        "dir": "esdbclient",
        "owner": "rydnr",
        "ref": "esdbclient-1.1.3.1",
        "repo": "nix-flakes",
        "type": "github"
      }
    },
    "flake-utils": {
      "locked": {
        "lastModified": 1652776076,
        "narHash": "sha256-gzTw/v1vj4dOVbpBSJX4J0DwUR6LIyXo7/SuuTJp1kM=",
        "owner": "numtide",
        "repo": "flake-utils",
        "rev": "04c1b180862888302ddfb2e3ad9eaa63afc60cf8",
        "type": "github"
      },
      "original": {
        "owner": "numtide",
        "ref": "v1.0.0",
        "repo": "flake-utils",
        "type": "github"
      }
    },
    "nixpkgs": {
      "locked": {
        "lastModified": 1717179513,
        "narHash": "sha256-vboIEwIQojofItm2xGCdZCzW96U85l9nDW3ifMuAIdM=",
        "owner": "NixOS",
        "repo": "nixpkgs",
        "rev": "63dacb46bf939521bdc93981b4cbb7ecb58427a0",
        "type": "github"
      },
      "original": {
        "owner": "NixOS",
        "ref": "24.05",
        "repo": "nixpkgs",
        "type": "github"
      }
    },
    "pythoneda-shared-iac-events": {
      "inputs": {
        "flake-utils": [
          "flake-utils"
        ],
        "nixpkgs": [
          "nixpkgs"
        ],
        "pythoneda-shared-pythonlang-banner": [
          "pythoneda-shared-pythonlang-banner"
        ],
        "pythoneda-shared-pythonlang-domain": [
          "pythoneda-shared-pythonlang-domain"
        ]
      },
      "locked": {
        "lastModified": 1734727517,
        "narHash": "sha256-xJkkYMgZSDLkR1YkhF/hNJnqqyIfu2/Bou0w17DgMU4=",
        "owner": "pythoneda-shared-iac-def",
        "repo": "events",
        "rev": "986a2c262241cb5e3eec369260f4c7670122cd0a",
        "type": "github"
      },
      "original": {
        "owner": "pythoneda-shared-iac-def",
        "ref": "0.0.17",
        "repo": "events",
        "type": "github"
      }
    },
    "pythoneda-shared-iac-events-infrastructure": {
      "inputs": {
        "flake-utils": [
          "flake-utils"
        ],
        "nixpkgs": [
          "nixpkgs"
        ],
        "pythoneda-shared-iac-events": "pythoneda-shared-iac-events_2",
        "pythoneda-shared-pythonlang-banner": [
          "pythoneda-shared-pythonlang-banner"
        ],
        "pythoneda-shared-pythonlang-domain": [
          "pythoneda-shared-pythonlang-domain"
        ],
        "pythoneda-shared-pythonlang-infrastructure": "pythoneda-shared-pythonlang-infrastructure_2"
      },
      "locked": {
        "lastModified": 1734727594,
        "narHash": "sha256-x82VhnwdLQ4BzFfSX32eo6JKlNe+LQXHz+tGLsSmY88=",
        "owner": "pythoneda-shared-iac-def",
        "repo": "events-infrastructure",
        "rev": "5ef9ebef4da658e1c240a3ad261fef9524ddf526",
        "type": "github"
      },
      "original": {
        "owner": "pythoneda-shared-iac-def",
        "ref": "0.0.2",
        "repo": "events-infrastructure",
        "type": "github"
      }
    },
    "pythoneda-shared-iac-events_2": {
      "inputs": {
        "flake-utils": [
          "pythoneda-shared-iac-events-infrastructure",
          "flake-utils"
        ],
        "nixpkgs": [
          "pythoneda-shared-iac-events-infrastructure",
          "nixpkgs"
        ],
        "pythoneda-shared-pythonlang-banner": [
          "pythoneda-shared-iac-events-infrastructure",
          "pythoneda-shared-pythonlang-banner"
        ],
        "pythoneda-shared-pythonlang-domain": [
          "pythoneda-shared-iac-events-infrastructure",
          "pythoneda-shared-pythonlang-domain"
        ]
      },
      "locked": {
        "lastModified": 1734727517,
        "narHash": "sha256-xJkkYMgZSDLkR1YkhF/hNJnqqyIfu2/Bou0w17DgMU4=",
        "owner": "pythoneda-shared-iac-def",
        "repo": "events",
        "rev": "986a2c262241cb5e3eec369260f4c7670122cd0a",
        "type": "github"
      },
      "original": {
        "owner": "pythoneda-shared-iac-def",
        "ref": "0.0.17",
        "repo": "events",
        "type": "github"
      }
    },
    "pythoneda-shared-iac-events_3": {
      "inputs": {
        "flake-utils": [
          "pythoneda-shared-iac-shared",
          "flake-utils"
        ],
        "nixpkgs": [
          "pythoneda-shared-iac-shared",
          "nixpkgs"
        ],
        "pythoneda-shared-pythonlang-banner": [
          "pythoneda-shared-iac-shared",
          "pythoneda-shared-pythonlang-banner"
        ],
        "pythoneda-shared-pythonlang-domain": [
          "pythoneda-shared-iac-shared",
          "pythoneda-shared-pythonlang-domain"
        ]
      },
      "locked": {
        "lastModified": 1734727517,
        "narHash": "sha256-xJkkYMgZSDLkR1YkhF/hNJnqqyIfu2/Bou0w17DgMU4=",
        "owner": "pythoneda-shared-iac-def",
        "repo": "events",
        "rev": "986a2c262241cb5e3eec369260f4c7670122cd0a",
        "type": "github"
      },
      "original": {
        "owner": "pythoneda-shared-iac-def",
        "ref": "0.0.17",
        "repo": "events",
        "type": "github"
      }
    },
    "pythoneda-shared-iac-pulumi-azure": {
      "inputs": {
        "flake-utils": [
          "flake-utils"
        ],
        "nixpkgs": [
          "nixpkgs"
        ],
        "pythoneda-shared-iac-events": [
          "pythoneda-shared-iac-events"
        ],
        "pythoneda-shared-iac-shared": [
          "pythoneda-shared-iac-shared"
        ],
        "pythoneda-shared-pythonlang-banner": [
          "pythoneda-shared-pythonlang-banner"
        ],
        "pythoneda-shared-pythonlang-domain": [
          "pythoneda-shared-pythonlang-domain"
        ]
      },
      "locked": {
        "lastModified": 1734727740,
        "narHash": "sha256-Y2s7jfjBk8+D6rbhKfogvwFbhnx41qVx+8mFk83VOVw=",
        "owner": "pythoneda-shared-iac-def",
        "repo": "pulumi-azure",
        "rev": "2d2cbdb7313636b3751e4fadfc37acce2671e2f1",
        "type": "github"
      },
      "original": {
        "owner": "pythoneda-shared-iac-def",
        "ref": "0.0.19",
        "repo": "pulumi-azure",
        "type": "github"
      }
    },
    "pythoneda-shared-iac-shared": {
      "inputs": {
        "flake-utils": [
          "flake-utils"
        ],
        "nixpkgs": [
          "nixpkgs"
        ],
        "pythoneda-shared-iac-events": "pythoneda-shared-iac-events_3",
        "pythoneda-shared-pythonlang-banner": [
          "pythoneda-shared-pythonlang-banner"
        ],
        "pythoneda-shared-pythonlang-domain": [
          "pythoneda-shared-pythonlang-domain"
        ]
      },
      "locked": {
        "lastModified": 1734727663,
        "narHash": "sha256-EDyKnuwVFXtna/9uKg2Qv/N210Zw7IbJE8bW+RdKwgQ=",
        "owner": "pythoneda-shared-iac-def",
        "repo": "shared",
        "rev": "36da12d08fecfb231c0beec7069114a01291fbf7",
        "type": "github"
      },
      "original": {
        "owner": "pythoneda-shared-iac-def",
        "ref": "0.0.14",
        "repo": "shared",
        "type": "github"
      }
    },
    "pythoneda-shared-pythonlang-banner": {
      "inputs": {
        "flake-utils": [
          "flake-utils"
        ],
        "nixpkgs": [
          "nixpkgs"
        ]
      },
      "locked": {
        "lastModified": 1733921954,
        "narHash": "sha256-8bXCVSjpGD+1Zpfqjmie6JKnz7eH5vALIXKoa9n0OyI=",
        "owner": "pythoneda-shared-pythonlang-def",
        "repo": "banner",
        "rev": "d6f65312ef3f7a8a3315aca7c0f3cc99783a5b20",
        "type": "github"
      },
      "original": {
        "owner": "pythoneda-shared-pythonlang-def",
        "ref": "0.0.74",
        "repo": "banner",
        "type": "github"
      }
    },
    "pythoneda-shared-pythonlang-domain": {
      "inputs": {
        "flake-utils": [
          "flake-utils"
        ],
        "nixpkgs": [
          "nixpkgs"
        ],
        "pythoneda-shared-pythonlang-banner": [
          "pythoneda-shared-pythonlang-banner"
        ]
      },
      "locked": {
        "lastModified": 1734721587,
        "narHash": "sha256-FMwUsdFPamJSpra0OYk2/AvP8EkzCWLYxCkjyUDF0M4=",
        "owner": "pythoneda-shared-pythonlang-def",
        "repo": "domain",
        "rev": "5f283a66198060a6848ac5910aa1a29cb6f7809c",
        "type": "github"
      },
      "original": {
        "owner": "pythoneda-shared-pythonlang-def",
        "ref": "0.0.105",
        "repo": "domain",
        "type": "github"
      }
    },
    "pythoneda-shared-pythonlang-infrastructure": {
      "inputs": {
        "esdbclient": "esdbclient",
        "flake-utils": [
          "acmsl-licdata-artifact-events-infrastructure",
          "flake-utils"
        ],
        "nixpkgs": [
          "acmsl-licdata-artifact-events-infrastructure",
          "nixpkgs"
        ],
        "pythoneda-shared-pythonlang-banner": [
          "acmsl-licdata-artifact-events-infrastructure",
          "pythoneda-shared-pythonlang-banner"
        ],
        "pythoneda-shared-pythonlang-domain": [
          "acmsl-licdata-artifact-events-infrastructure",
          "pythoneda-shared-pythonlang-domain"
        ]
      },
      "locked": {
        "lastModified": 1734721655,
        "narHash": "sha256-yxzhWeXe0qu7xGxFvCioAHcvuD1FzujyZQDukuVbRDU=",
        "owner": "pythoneda-shared-pythonlang-def",
        "repo": "infrastructure",
        "rev": "913075fd7c787588b8bb54268e1227fdfa503a04",
        "type": "github"
      },
      "original": {
        "owner": "pythoneda-shared-pythonlang-def",
        "ref": "0.0.81",
        "repo": "infrastructure",
        "type": "github"
      }
    },
    "pythoneda-shared-pythonlang-infrastructure_2": {
      "inputs": {
        "esdbclient": "esdbclient_2",
        "flake-utils": [
          "pythoneda-shared-iac-events-infrastructure",
          "flake-utils"
        ],
        "nixpkgs": [
          "pythoneda-shared-iac-events-infrastructure",
          "nixpkgs"
        ],
        "pythoneda-shared-pythonlang-banner": [
          "pythoneda-shared-iac-events-infrastructure",
          "pythoneda-shared-pythonlang-banner"
        ],
        "pythoneda-shared-pythonlang-domain": [
          "pythoneda-shared-iac-events-infrastructure",
          "pythoneda-shared-pythonlang-domain"
        ]
      },
      "locked": {
        "lastModified": 1734721655,
        "narHash": "sha256-yxzhWeXe0qu7xGxFvCioAHcvuD1FzujyZQDukuVbRDU=",
        "owner": "pythoneda-shared-pythonlang-def",
        "repo": "infrastructure",
        "rev": "913075fd7c787588b8bb54268e1227fdfa503a04",
        "type": "github"
      },
      "original": {
        "owner": "pythoneda-shared-pythonlang-def",
        "ref": "0.0.81",
        "repo": "infrastructure",
        "type": "github"
      }
    },
    "pythoneda-shared-pythonlang-infrastructure_3": {
      "inputs": {
        "esdbclient": "esdbclient_3",
        "flake-utils": [
          "flake-utils"
        ],
        "nixpkgs": [
          "nixpkgs"
        ],
        "pythoneda-shared-pythonlang-banner": [
          "pythoneda-shared-pythonlang-banner"
        ],
        "pythoneda-shared-pythonlang-domain": [
          "pythoneda-shared-pythonlang-domain"
        ]
      },
      "locked": {
        "lastModified": 1734721655,
        "narHash": "sha256-yxzhWeXe0qu7xGxFvCioAHcvuD1FzujyZQDukuVbRDU=",
        "owner": "pythoneda-shared-pythonlang-def",
        "repo": "infrastructure",
        "rev": "913075fd7c787588b8bb54268e1227fdfa503a04",
        "type": "github"
      },
      "original": {
        "owner": "pythoneda-shared-pythonlang-def",
        "ref": "0.0.81",
        "repo": "infrastructure",
        "type": "github"
      }
    },
    "pythoneda-shared-pythonlang-infrastructure_4": {
      "inputs": {
        "esdbclient": "esdbclient_4",
        "flake-utils": [
          "pythoneda-shared-runtime-secrets-events-infrastructure",
          "flake-utils"
        ],
        "nixpkgs": [
          "pythoneda-shared-runtime-secrets-events-infrastructure",
          "nixpkgs"
        ],
        "pythoneda-shared-pythonlang-banner": [
          "pythoneda-shared-runtime-secrets-events-infrastructure",
          "pythoneda-shared-pythonlang-banner"
        ],
        "pythoneda-shared-pythonlang-domain": [
          "pythoneda-shared-runtime-secrets-events-infrastructure",
          "pythoneda-shared-pythonlang-domain"
        ]
      },
      "locked": {
        "lastModified": 1734721655,
        "narHash": "sha256-yxzhWeXe0qu7xGxFvCioAHcvuD1FzujyZQDukuVbRDU=",
        "owner": "pythoneda-shared-pythonlang-def",
        "repo": "infrastructure",
        "rev": "913075fd7c787588b8bb54268e1227fdfa503a04",
        "type": "github"
      },
      "original": {
        "owner": "pythoneda-shared-pythonlang-def",
        "ref": "0.0.81",
        "repo": "infrastructure",
        "type": "github"
      }
    },
    "pythoneda-shared-runtime-secrets-events": {
      "inputs": {
        "flake-utils": [
          "acmsl-licdata-iac-domain",
          "flake-utils"
        ],
        "nixpkgs": [
          "acmsl-licdata-iac-domain",
          "nixpkgs"
        ],
        "pythoneda-shared-pythonlang-banner": [
          "acmsl-licdata-iac-domain",
          "pythoneda-shared-pythonlang-banner"
        ],
        "pythoneda-shared-pythonlang-domain": [
          "acmsl-licdata-iac-domain",
          "pythoneda-shared-pythonlang-domain"
        ]
      },
      "locked": {
        "lastModified": 1734726472,
        "narHash": "sha256-wVB2WZoie00Qz0KyTr1Qbt2k7+6ixo8xpzVGkbfw/3c=",
        "owner": "pythoneda-shared-runtime-def",
        "repo": "secrets-events",
        "rev": "527c166da092bae0044174c661d38ec9ba55fbca",
        "type": "github"
      },
      "original": {
        "owner": "pythoneda-shared-runtime-def",
        "ref": "0.0.7",
        "repo": "secrets-events",
        "type": "github"
      }
    },
    "pythoneda-shared-runtime-secrets-events-infrastructure": {
      "inputs": {
        "flake-utils": [
          "flake-utils"
        ],
        "nixpkgs": [
          "nixpkgs"
        ],
        "pythoneda-shared-pythonlang-banner": [
          "pythoneda-shared-pythonlang-banner"
        ],
        "pythoneda-shared-pythonlang-domain": [
          "pythoneda-shared-pythonlang-domain"
        ],
        "pythoneda-shared-pythonlang-infrastructure": "pythoneda-shared-pythonlang-infrastructure_4",
        "pythoneda-shared-runtime-secrets-events": "pythoneda-shared-runtime-secrets-events_3"
      },
      "locked": {
        "lastModified": 1734726553,
        "narHash": "sha256-p95B4qSB5UIPtop+x9Nqv5tnetI1cC2DEDxoPDJ5G2g=",
        "owner": "pythoneda-shared-runtime-def",
        "repo": "secrets-events-infrastructure",
        "rev": "d91287e01ec92cc18d2246d89044352ca39a3152",
        "type": "github"
      },
      "original": {
        "owner": "pythoneda-shared-runtime-def",
        "ref": "0.0.6",
        "repo": "secrets-events-infrastructure",
        "type": "github"
      }
    },
    "pythoneda-shared-runtime-secrets-events_2": {
      "inputs": {
        "flake-utils": [
          "flake-utils"
        ],
        "nixpkgs": [
          "nixpkgs"
        ],
        "pythoneda-shared-pythonlang-banner": [
          "pythoneda-shared-pythonlang-banner"
        ],
        "pythoneda-shared-pythonlang-domain": [
          "pythoneda-shared-pythonlang-domain"
        ]
      },
      "locked": {
        "lastModified": 1734726472,
        "narHash": "sha256-wVB2WZoie00Qz0KyTr1Qbt2k7+6ixo8xpzVGkbfw/3c=",
        "owner": "pythoneda-shared-runtime-def",
        "repo": "secrets-events",
        "rev": "527c166da092bae0044174c661d38ec9ba55fbca",
        "type": "github"
      },
      "original": {
        "owner": "pythoneda-shared-runtime-def",
        "ref": "0.0.7",
        "repo": "secrets-events",
        "type": "github"
      }
    },
    "pythoneda-shared-runtime-secrets-events_3": {
      "inputs": {
        "flake-utils": [
          "pythoneda-shared-runtime-secrets-events-infrastructure",
          "flake-utils"
        ],
        "nixpkgs": [
          "pythoneda-shared-runtime-secrets-events-infrastructure",
          "nixpkgs"
        ],
        "pythoneda-shared-pythonlang-banner": [
          "pythoneda-shared-runtime-secrets-events-infrastructure",
          "pythoneda-shared-pythonlang-banner"
        ],
        "pythoneda-shared-pythonlang-domain": [
          "pythoneda-shared-runtime-secrets-events-infrastructure",
          "pythoneda-shared-pythonlang-domain"
        ]
      },
      "locked": {
        "lastModified": 1734726472,
        "narHash": "sha256-wVB2WZoie00Qz0KyTr1Qbt2k7+6ixo8xpzVGkbfw/3c=",
        "owner": "pythoneda-shared-runtime-def",
        "repo": "secrets-events",
        "rev": "527c166da092bae0044174c661d38ec9ba55fbca",
        "type": "github"
      },
      "original": {
        "owner": "pythoneda-shared-runtime-def",
        "ref": "0.0.7",
        "repo": "secrets-events",
        "type": "github"
      }
    },
    "root": {
      "inputs": {
        "acmsl-licdata-artifact-events": "acmsl-licdata-artifact-events",
        "acmsl-licdata-artifact-events-infrastructure": "acmsl-licdata-artifact-events-infrastructure",
        "acmsl-licdata-iac-domain": "acmsl-licdata-iac-domain",
        "flake-utils": "flake-utils",
        "nixpkgs": "nixpkgs",
        "pythoneda-shared-iac-events": "pythoneda-shared-iac-events",
        "pythoneda-shared-iac-events-infrastructure": "pythoneda-shared-iac-events-infrastructure",
        "pythoneda-shared-iac-pulumi-azure": "pythoneda-shared-iac-pulumi-azure",
        "pythoneda-shared-iac-shared": "pythoneda-shared-iac-shared",
        "pythoneda-shared-pythonlang-banner": "pythoneda-shared-pythonlang-banner",
        "pythoneda-shared-pythonlang-domain": "pythoneda-shared-pythonlang-domain",
        "pythoneda-shared-pythonlang-infrastructure": "pythoneda-shared-pythonlang-infrastructure_3",
        "pythoneda-shared-runtime-secrets-events": "pythoneda-shared-runtime-secrets-events_2",
        "pythoneda-shared-runtime-secrets-events-infrastructure": "pythoneda-shared-runtime-secrets-events-infrastructure"
      }
    }
  },
  "root": "root",
  "version": 7
}
