{
  "nodes": {
    "acmsl-licdata-artifact-events": {
      "inputs": {
        "flake-utils": [
          "flake-utils"
        ],
        "nixpkgs": [
          "nixpkgs"
        ],
        "pythoneda-shared-pythonlang-banner": [
          "pythoneda-shared-pythonlang-banner"
        ],
        "pythoneda-shared-pythonlang-domain": [
          "pythoneda-shared-pythonlang-domain"
        ]
      },
      "locked": {
        "lastModified": 1736760503,
        "narHash": "sha256-vM+rcugPsCkPpTsvy+V/KD/FUGrLGK/stD5t3lhHPr0=",
        "owner": "acmsl-def",
        "repo": "licdata-artifact-events",
        "rev": "706769453e81811f00e08f74e5d472e2d4207a1c",
        "type": "github"
      },
      "original": {
        "owner": "acmsl-def",
        "ref": "0.0.24",
        "repo": "licdata-artifact-events",
        "type": "github"
      }
    },
    "acmsl-licdata-artifact-events-infrastructure": {
      "inputs": {
        "acmsl-licdata-artifact-events": [
          "acmsl-licdata-artifact-events"
        ],
        "flake-utils": [
          "flake-utils"
        ],
        "nixpkgs": [
          "nixpkgs"
        ],
        "pythoneda-shared-pythonlang-banner": [
          "pythoneda-shared-pythonlang-banner"
        ],
        "pythoneda-shared-pythonlang-domain": [
          "pythoneda-shared-pythonlang-domain"
        ],
        "pythoneda-shared-pythonlang-infrastructure": "pythoneda-shared-pythonlang-infrastructure"
      },
      "locked": {
        "lastModified": 1736760589,
        "narHash": "sha256-vV9scJ4F6cOjXVLasx1H3k2Pbq22fuz/YMY2/Y5onh4=",
        "owner": "acmsl-def",
        "repo": "licdata-artifact-events-infrastructure",
        "rev": "7b7d767ea56d59c7fb7545d1cc4f5af0529f9566",
        "type": "github"
      },
      "original": {
        "owner": "acmsl-def",
        "ref": "0.0.26",
        "repo": "licdata-artifact-events-infrastructure",
        "type": "github"
      }
    },
    "acmsl-licdata-artifact-events_2": {
      "inputs": {
        "flake-utils": [
          "acmsl-licdata-iac-domain",
          "flake-utils"
        ],
        "nixpkgs": [
          "acmsl-licdata-iac-domain",
          "nixpkgs"
        ],
        "pythoneda-shared-pythonlang-banner": [
          "acmsl-licdata-iac-domain",
          "pythoneda-shared-pythonlang-banner"
        ],
        "pythoneda-shared-pythonlang-domain": [
          "acmsl-licdata-iac-domain",
          "pythoneda-shared-pythonlang-domain"
        ]
      },
      "locked": {
        "lastModified": 1736760503,
        "narHash": "sha256-vM+rcugPsCkPpTsvy+V/KD/FUGrLGK/stD5t3lhHPr0=",
        "owner": "acmsl-def",
        "repo": "licdata-artifact-events",
        "rev": "706769453e81811f00e08f74e5d472e2d4207a1c",
        "type": "github"
      },
      "original": {
        "owner": "acmsl-def",
        "ref": "0.0.24",
        "repo": "licdata-artifact-events",
        "type": "github"
      }
    },
    "acmsl-licdata-iac-domain": {
      "inputs": {
        "acmsl-licdata-artifact-events": "acmsl-licdata-artifact-events_2",
        "flake-utils": [
          "flake-utils"
        ],
        "nixpkgs": [
          "nixpkgs"
        ],
        "pythoneda-shared-iac-events": [
          "pythoneda-shared-iac-events"
        ],
        "pythoneda-shared-iac-pulumi-azure": [
          "pythoneda-shared-iac-pulumi-azure"
        ],
        "pythoneda-shared-iac-shared": [
          "pythoneda-shared-iac-shared"
        ],
        "pythoneda-shared-pythonlang-banner": [
          "pythoneda-shared-pythonlang-banner"
        ],
        "pythoneda-shared-pythonlang-domain": [
          "pythoneda-shared-pythonlang-domain"
        ],
        "pythoneda-shared-runtime-secrets-events": "pythoneda-shared-runtime-secrets-events"
      },
      "locked": {
        "lastModified": 1736765759,
        "narHash": "sha256-8fZJz1s2zxv/t6CSCRN0r+P6rdn3h/rT0iA+Qu23/wE=",
        "owner": "acmsl-def",
        "repo": "licdata-iac-domain",
        "rev": "7e733276f36b0a3779136a760f73da5e93796c7c",
        "type": "github"
      },
      "original": {
        "owner": "acmsl-def",
        "ref": "0.0.32",
        "repo": "licdata-iac-domain",
        "type": "github"
      }
    },
    "esdbclient": {
      "inputs": {
        "flake-utils": [
          "acmsl-licdata-artifact-events-infrastructure",
          "pythoneda-shared-pythonlang-infrastructure",
          "flake-utils"
        ],
        "nixpkgs": [
          "acmsl-licdata-artifact-events-infrastructure",
          "pythoneda-shared-pythonlang-infrastructure",
          "nixpkgs"
        ]
      },
      "locked": {
        "dir": "esdbclient",
        "lastModified": 1733507692,
        "narHash": "sha256-IBPBdUFCp/HAlg/LMHlf5yW9SILoyEota9r14C1983w=",
        "owner": "rydnr",
        "repo": "nix-flakes",
        "rev": "d810b75bee44f2049a1769d99493636d7e631632",
        "type": "github"
      },
      "original": {
        "dir": "esdbclient",
        "owner": "rydnr",
        "ref": "esdbclient-1.1.3.1",
        "repo": "nix-flakes",
        "type": "github"
      }
    },
    "esdbclient_2": {
      "inputs": {
        "flake-utils": [
          "pythoneda-shared-iac-events-infrastructure",
          "pythoneda-shared-pythonlang-infrastructure",
          "flake-utils"
        ],
        "nixpkgs": [
          "pythoneda-shared-iac-events-infrastructure",
          "pythoneda-shared-pythonlang-infrastructure",
          "nixpkgs"
        ]
      },
      "locked": {
        "dir": "esdbclient",
        "lastModified": 1733507692,
        "narHash": "sha256-IBPBdUFCp/HAlg/LMHlf5yW9SILoyEota9r14C1983w=",
        "owner": "rydnr",
        "repo": "nix-flakes",
        "rev": "d810b75bee44f2049a1769d99493636d7e631632",
        "type": "github"
      },
      "original": {
        "dir": "esdbclient",
        "owner": "rydnr",
        "ref": "esdbclient-1.1.3.1",
        "repo": "nix-flakes",
        "type": "github"
      }
    },
    "esdbclient_3": {
      "inputs": {
        "flake-utils": [
          "pythoneda-shared-pythonlang-infrastructure",
          "flake-utils"
        ],
        "nixpkgs": [
          "pythoneda-shared-pythonlang-infrastructure",
          "nixpkgs"
        ]
      },
      "locked": {
        "dir": "esdbclient",
        "lastModified": 1733507692,
        "narHash": "sha256-IBPBdUFCp/HAlg/LMHlf5yW9SILoyEota9r14C1983w=",
        "owner": "rydnr",
        "repo": "nix-flakes",
        "rev": "d810b75bee44f2049a1769d99493636d7e631632",
        "type": "github"
      },
      "original": {
        "dir": "esdbclient",
        "owner": "rydnr",
        "ref": "esdbclient-1.1.3.1",
        "repo": "nix-flakes",
        "type": "github"
      }
    },
    "esdbclient_4": {
      "inputs": {
        "flake-utils": [
          "pythoneda-shared-runtime-secrets-events-infrastructure",
          "pythoneda-shared-pythonlang-infrastructure",
          "flake-utils"
        ],
        "nixpkgs": [
          "pythoneda-shared-runtime-secrets-events-infrastructure",
          "pythoneda-shared-pythonlang-infrastructure",
          "nixpkgs"
        ]
      },
      "locked": {
        "dir": "esdbclient",
        "lastModified": 1733507692,
        "narHash": "sha256-IBPBdUFCp/HAlg/LMHlf5yW9SILoyEota9r14C1983w=",
        "owner": "rydnr",
        "repo": "nix-flakes",
        "rev": "d810b75bee44f2049a1769d99493636d7e631632",
        "type": "github"
      },
      "original": {
        "dir": "esdbclient",
        "owner": "rydnr",
        "ref": "esdbclient-1.1.3.1",
        "repo": "nix-flakes",
        "type": "github"
      }
    },
    "flake-utils": {
      "locked": {
        "lastModified": 1652776076,
        "narHash": "sha256-gzTw/v1vj4dOVbpBSJX4J0DwUR6LIyXo7/SuuTJp1kM=",
        "owner": "numtide",
        "repo": "flake-utils",
        "rev": "04c1b180862888302ddfb2e3ad9eaa63afc60cf8",
        "type": "github"
      },
      "original": {
        "owner": "numtide",
        "ref": "v1.0.0",
        "repo": "flake-utils",
        "type": "github"
      }
    },
    "nixpkgs": {
      "locked": {
        "lastModified": 1717179513,
        "narHash": "sha256-vboIEwIQojofItm2xGCdZCzW96U85l9nDW3ifMuAIdM=",
        "owner": "NixOS",
        "repo": "nixpkgs",
        "rev": "63dacb46bf939521bdc93981b4cbb7ecb58427a0",
        "type": "github"
      },
      "original": {
        "owner": "NixOS",
        "ref": "24.05",
        "repo": "nixpkgs",
        "type": "github"
      }
    },
    "pythoneda-shared-iac-events": {
      "inputs": {
        "flake-utils": [
          "flake-utils"
        ],
        "nixpkgs": [
          "nixpkgs"
        ],
        "pythoneda-shared-pythonlang-banner": [
          "pythoneda-shared-pythonlang-banner"
        ],
        "pythoneda-shared-pythonlang-domain": [
          "pythoneda-shared-pythonlang-domain"
        ]
      },
      "locked": {
        "lastModified": 1736758811,
        "narHash": "sha256-SHmiqfhI1oM+Bh6PUPh3s1tDM2mneoX466Bx5Ocpyig=",
        "owner": "pythoneda-shared-iac-def",
        "repo": "events",
        "rev": "bff2312f07a35465b0b0d86621e82985c9e693f3",
        "type": "github"
      },
      "original": {
        "owner": "pythoneda-shared-iac-def",
        "ref": "0.0.23",
        "repo": "events",
        "type": "github"
      }
    },
    "pythoneda-shared-iac-events-infrastructure": {
      "inputs": {
        "flake-utils": [
          "flake-utils"
        ],
        "nixpkgs": [
          "nixpkgs"
        ],
        "pythoneda-shared-iac-events": "pythoneda-shared-iac-events_2",
        "pythoneda-shared-pythonlang-banner": [
          "pythoneda-shared-pythonlang-banner"
        ],
        "pythoneda-shared-pythonlang-domain": [
          "pythoneda-shared-pythonlang-domain"
        ],
        "pythoneda-shared-pythonlang-infrastructure": "pythoneda-shared-pythonlang-infrastructure_2"
      },
      "locked": {
        "lastModified": 1736758899,
        "narHash": "sha256-BbHkZkLEMFVr1yr15BTibCktd9kYoxQeLlSxNprDBes=",
        "owner": "pythoneda-shared-iac-def",
        "repo": "events-infrastructure",
        "rev": "08dee447d9c84fd7241cdb3a4dcf332373268e6e",
        "type": "github"
      },
      "original": {
        "owner": "pythoneda-shared-iac-def",
        "ref": "0.0.8",
        "repo": "events-infrastructure",
        "type": "github"
      }
    },
    "pythoneda-shared-iac-events_2": {
      "inputs": {
        "flake-utils": [
          "pythoneda-shared-iac-events-infrastructure",
          "flake-utils"
        ],
        "nixpkgs": [
          "pythoneda-shared-iac-events-infrastructure",
          "nixpkgs"
        ],
        "pythoneda-shared-pythonlang-banner": [
          "pythoneda-shared-iac-events-infrastructure",
          "pythoneda-shared-pythonlang-banner"
        ],
        "pythoneda-shared-pythonlang-domain": [
          "pythoneda-shared-iac-events-infrastructure",
          "pythoneda-shared-pythonlang-domain"
        ]
      },
      "locked": {
        "lastModified": 1736758811,
        "narHash": "sha256-SHmiqfhI1oM+Bh6PUPh3s1tDM2mneoX466Bx5Ocpyig=",
        "owner": "pythoneda-shared-iac-def",
        "repo": "events",
        "rev": "bff2312f07a35465b0b0d86621e82985c9e693f3",
        "type": "github"
      },
      "original": {
        "owner": "pythoneda-shared-iac-def",
        "ref": "0.0.23",
        "repo": "events",
        "type": "github"
      }
    },
    "pythoneda-shared-iac-events_3": {
      "inputs": {
        "flake-utils": [
          "pythoneda-shared-iac-shared",
          "flake-utils"
        ],
        "nixpkgs": [
          "pythoneda-shared-iac-shared",
          "nixpkgs"
        ],
        "pythoneda-shared-pythonlang-banner": [
          "pythoneda-shared-iac-shared",
          "pythoneda-shared-pythonlang-banner"
        ],
        "pythoneda-shared-pythonlang-domain": [
          "pythoneda-shared-iac-shared",
          "pythoneda-shared-pythonlang-domain"
        ]
      },
      "locked": {
        "lastModified": 1736758811,
        "narHash": "sha256-SHmiqfhI1oM+Bh6PUPh3s1tDM2mneoX466Bx5Ocpyig=",
        "owner": "pythoneda-shared-iac-def",
        "repo": "events",
        "rev": "bff2312f07a35465b0b0d86621e82985c9e693f3",
        "type": "github"
      },
      "original": {
        "owner": "pythoneda-shared-iac-def",
        "ref": "0.0.23",
        "repo": "events",
        "type": "github"
      }
    },
    "pythoneda-shared-iac-pulumi-azure": {
      "inputs": {
        "flake-utils": [
          "flake-utils"
        ],
        "nixpkgs": [
          "nixpkgs"
        ],
        "pythoneda-shared-iac-events": [
          "pythoneda-shared-iac-events"
        ],
        "pythoneda-shared-iac-shared": [
          "pythoneda-shared-iac-shared"
        ],
        "pythoneda-shared-pythonlang-banner": [
          "pythoneda-shared-pythonlang-banner"
        ],
        "pythoneda-shared-pythonlang-domain": [
          "pythoneda-shared-pythonlang-domain"
        ]
      },
      "locked": {
        "lastModified": 1736759066,
        "narHash": "sha256-VZicYObvTk53NAscAwkG5KlhZ0+jHvRpxJU2SEi1ll8=",
        "owner": "pythoneda-shared-iac-def",
        "repo": "pulumi-azure",
        "rev": "7a438e4d7311ecee2f11c6ce04c810891334ea3b",
        "type": "github"
      },
      "original": {
        "owner": "pythoneda-shared-iac-def",
        "ref": "0.0.27",
        "repo": "pulumi-azure",
        "type": "github"
      }
    },
    "pythoneda-shared-iac-shared": {
      "inputs": {
        "flake-utils": [
          "flake-utils"
        ],
        "nixpkgs": [
          "nixpkgs"
        ],
        "pythoneda-shared-iac-events": "pythoneda-shared-iac-events_3",
        "pythoneda-shared-pythonlang-banner": [
          "pythoneda-shared-pythonlang-banner"
        ],
        "pythoneda-shared-pythonlang-domain": [
          "pythoneda-shared-pythonlang-domain"
        ]
      },
      "locked": {
        "lastModified": 1736758978,
        "narHash": "sha256-+1I2VQ3+/TEdgrYfySRbTt1cu1CbsW0r30Fpp/I17Eo=",
        "owner": "pythoneda-shared-iac-def",
        "repo": "shared",
        "rev": "e0ea598546a9188d402e1e74feb412ec94b1ee16",
        "type": "github"
      },
      "original": {
        "owner": "pythoneda-shared-iac-def",
        "ref": "0.0.20",
        "repo": "shared",
        "type": "github"
      }
    },
    "pythoneda-shared-pythonlang-banner": {
      "inputs": {
        "flake-utils": [
          "flake-utils"
        ],
        "nixpkgs": [
          "nixpkgs"
        ]
      },
      "locked": {
        "lastModified": 1736696456,
        "narHash": "sha256-cVMDyHfaITRCFcSAmw8lgRT5m6Ey7jVQWCfLcES6nec=",
        "owner": "pythoneda-shared-pythonlang-def",
        "repo": "banner",
        "rev": "285b29bd41aa2617c5e220b4aef4c7cc44f889b1",
        "type": "github"
      },
      "original": {
        "owner": "pythoneda-shared-pythonlang-def",
        "ref": "0.0.78",
        "repo": "banner",
        "type": "github"
      }
    },
    "pythoneda-shared-pythonlang-domain": {
      "inputs": {
        "flake-utils": [
          "flake-utils"
        ],
        "nixpkgs": [
          "nixpkgs"
        ],
        "pythoneda-shared-pythonlang-banner": [
          "pythoneda-shared-pythonlang-banner"
        ]
      },
      "locked": {
        "lastModified": 1736749612,
        "narHash": "sha256-jH9SidhsAgf3gE3L/QV1zWz41/tkp2zEI4rFrGIsZYQ=",
        "owner": "pythoneda-shared-pythonlang-def",
        "repo": "domain",
        "rev": "f85f5128ceee055e7bb153aedf22f5a2f91f4923",
        "type": "github"
      },
      "original": {
        "owner": "pythoneda-shared-pythonlang-def",
        "ref": "0.0.113",
        "repo": "domain",
        "type": "github"
      }
    },
    "pythoneda-shared-pythonlang-infrastructure": {
      "inputs": {
        "esdbclient": "esdbclient",
        "flake-utils": [
          "acmsl-licdata-artifact-events-infrastructure",
          "flake-utils"
        ],
        "nixpkgs": [
          "acmsl-licdata-artifact-events-infrastructure",
          "nixpkgs"
        ],
        "pythoneda-shared-pythonlang-banner": [
          "acmsl-licdata-artifact-events-infrastructure",
          "pythoneda-shared-pythonlang-banner"
        ],
        "pythoneda-shared-pythonlang-domain": [
          "acmsl-licdata-artifact-events-infrastructure",
          "pythoneda-shared-pythonlang-domain"
        ]
      },
      "locked": {
        "lastModified": 1736749778,
        "narHash": "sha256-EMVMoZMO1HUshaIjGlFsyDZuWtS6AD8ZGcTv3xHrcD0=",
        "owner": "pythoneda-shared-pythonlang-def",
        "repo": "infrastructure",
        "rev": "371be89befb327fe0c0e99f39125fe358e602a44",
        "type": "github"
      },
      "original": {
        "owner": "pythoneda-shared-pythonlang-def",
        "ref": "0.0.89",
        "repo": "infrastructure",
        "type": "github"
      }
    },
    "pythoneda-shared-pythonlang-infrastructure_2": {
      "inputs": {
        "esdbclient": "esdbclient_2",
        "flake-utils": [
          "pythoneda-shared-iac-events-infrastructure",
          "flake-utils"
        ],
        "nixpkgs": [
          "pythoneda-shared-iac-events-infrastructure",
          "nixpkgs"
        ],
        "pythoneda-shared-pythonlang-banner": [
          "pythoneda-shared-iac-events-infrastructure",
          "pythoneda-shared-pythonlang-banner"
        ],
        "pythoneda-shared-pythonlang-domain": [
          "pythoneda-shared-iac-events-infrastructure",
          "pythoneda-shared-pythonlang-domain"
        ]
      },
      "locked": {
        "lastModified": 1736749778,
        "narHash": "sha256-EMVMoZMO1HUshaIjGlFsyDZuWtS6AD8ZGcTv3xHrcD0=",
        "owner": "pythoneda-shared-pythonlang-def",
        "repo": "infrastructure",
        "rev": "371be89befb327fe0c0e99f39125fe358e602a44",
        "type": "github"
      },
      "original": {
        "owner": "pythoneda-shared-pythonlang-def",
        "ref": "0.0.89",
        "repo": "infrastructure",
        "type": "github"
      }
    },
    "pythoneda-shared-pythonlang-infrastructure_3": {
      "inputs": {
        "esdbclient": "esdbclient_3",
        "flake-utils": [
          "flake-utils"
        ],
        "nixpkgs": [
          "nixpkgs"
        ],
        "pythoneda-shared-pythonlang-banner": [
          "pythoneda-shared-pythonlang-banner"
        ],
        "pythoneda-shared-pythonlang-domain": [
          "pythoneda-shared-pythonlang-domain"
        ]
      },
      "locked": {
        "lastModified": 1736749778,
        "narHash": "sha256-EMVMoZMO1HUshaIjGlFsyDZuWtS6AD8ZGcTv3xHrcD0=",
        "owner": "pythoneda-shared-pythonlang-def",
        "repo": "infrastructure",
        "rev": "371be89befb327fe0c0e99f39125fe358e602a44",
        "type": "github"
      },
      "original": {
        "owner": "pythoneda-shared-pythonlang-def",
        "ref": "0.0.89",
        "repo": "infrastructure",
        "type": "github"
      }
    },
    "pythoneda-shared-pythonlang-infrastructure_4": {
      "inputs": {
        "esdbclient": "esdbclient_4",
        "flake-utils": [
          "pythoneda-shared-runtime-secrets-events-infrastructure",
          "flake-utils"
        ],
        "nixpkgs": [
          "pythoneda-shared-runtime-secrets-events-infrastructure",
          "nixpkgs"
        ],
        "pythoneda-shared-pythonlang-banner": [
          "pythoneda-shared-runtime-secrets-events-infrastructure",
          "pythoneda-shared-pythonlang-banner"
        ],
        "pythoneda-shared-pythonlang-domain": [
          "pythoneda-shared-runtime-secrets-events-infrastructure",
          "pythoneda-shared-pythonlang-domain"
        ]
      },
      "locked": {
        "lastModified": 1736749778,
        "narHash": "sha256-EMVMoZMO1HUshaIjGlFsyDZuWtS6AD8ZGcTv3xHrcD0=",
        "owner": "pythoneda-shared-pythonlang-def",
        "repo": "infrastructure",
        "rev": "371be89befb327fe0c0e99f39125fe358e602a44",
        "type": "github"
      },
      "original": {
        "owner": "pythoneda-shared-pythonlang-def",
        "ref": "0.0.89",
        "repo": "infrastructure",
        "type": "github"
      }
    },
    "pythoneda-shared-runtime-secrets-events": {
      "inputs": {
        "flake-utils": [
          "acmsl-licdata-iac-domain",
          "flake-utils"
        ],
        "nixpkgs": [
          "acmsl-licdata-iac-domain",
          "nixpkgs"
        ],
        "pythoneda-shared-pythonlang-banner": [
          "acmsl-licdata-iac-domain",
          "pythoneda-shared-pythonlang-banner"
        ],
        "pythoneda-shared-pythonlang-domain": [
          "acmsl-licdata-iac-domain",
          "pythoneda-shared-pythonlang-domain"
        ]
      },
      "locked": {
        "lastModified": 1736757466,
        "narHash": "sha256-vxYikCcBvQ2ulGsKD/bCKvrwU3nUvhIcYyxdkLWLdYk=",
        "owner": "pythoneda-shared-runtime-def",
        "repo": "secrets-events",
        "rev": "3c22aaf3313386580c218531411da5bbb32bc840",
        "type": "github"
      },
      "original": {
        "owner": "pythoneda-shared-runtime-def",
        "ref": "0.0.13",
        "repo": "secrets-events",
        "type": "github"
      }
    },
    "pythoneda-shared-runtime-secrets-events-infrastructure": {
      "inputs": {
        "flake-utils": [
          "flake-utils"
        ],
        "nixpkgs": [
          "nixpkgs"
        ],
        "pythoneda-shared-pythonlang-banner": [
          "pythoneda-shared-pythonlang-banner"
        ],
        "pythoneda-shared-pythonlang-domain": [
          "pythoneda-shared-pythonlang-domain"
        ],
        "pythoneda-shared-pythonlang-infrastructure": "pythoneda-shared-pythonlang-infrastructure_4",
        "pythoneda-shared-runtime-secrets-events": "pythoneda-shared-runtime-secrets-events_3"
      },
      "locked": {
        "lastModified": 1736757564,
        "narHash": "sha256-9Uc9e7hmRrdjGEk8FgLDk2zXidp4sMonSOW8FYjDcw8=",
        "owner": "pythoneda-shared-runtime-def",
        "repo": "secrets-events-infrastructure",
        "rev": "b2cee29e198acfc8d1d8a85d573d8953a7be59c8",
        "type": "github"
      },
      "original": {
        "owner": "pythoneda-shared-runtime-def",
        "ref": "0.0.12",
        "repo": "secrets-events-infrastructure",
        "type": "github"
      }
    },
    "pythoneda-shared-runtime-secrets-events_2": {
      "inputs": {
        "flake-utils": [
          "flake-utils"
        ],
        "nixpkgs": [
          "nixpkgs"
        ],
        "pythoneda-shared-pythonlang-banner": [
          "pythoneda-shared-pythonlang-banner"
        ],
        "pythoneda-shared-pythonlang-domain": [
          "pythoneda-shared-pythonlang-domain"
        ]
      },
      "locked": {
        "lastModified": 1736757466,
        "narHash": "sha256-vxYikCcBvQ2ulGsKD/bCKvrwU3nUvhIcYyxdkLWLdYk=",
        "owner": "pythoneda-shared-runtime-def",
        "repo": "secrets-events",
        "rev": "3c22aaf3313386580c218531411da5bbb32bc840",
        "type": "github"
      },
      "original": {
        "owner": "pythoneda-shared-runtime-def",
        "ref": "0.0.13",
        "repo": "secrets-events",
        "type": "github"
      }
    },
    "pythoneda-shared-runtime-secrets-events_3": {
      "inputs": {
        "flake-utils": [
          "pythoneda-shared-runtime-secrets-events-infrastructure",
          "flake-utils"
        ],
        "nixpkgs": [
          "pythoneda-shared-runtime-secrets-events-infrastructure",
          "nixpkgs"
        ],
        "pythoneda-shared-pythonlang-banner": [
          "pythoneda-shared-runtime-secrets-events-infrastructure",
          "pythoneda-shared-pythonlang-banner"
        ],
        "pythoneda-shared-pythonlang-domain": [
          "pythoneda-shared-runtime-secrets-events-infrastructure",
          "pythoneda-shared-pythonlang-domain"
        ]
      },
      "locked": {
        "lastModified": 1736757466,
        "narHash": "sha256-vxYikCcBvQ2ulGsKD/bCKvrwU3nUvhIcYyxdkLWLdYk=",
        "owner": "pythoneda-shared-runtime-def",
        "repo": "secrets-events",
        "rev": "3c22aaf3313386580c218531411da5bbb32bc840",
        "type": "github"
      },
      "original": {
        "owner": "pythoneda-shared-runtime-def",
        "ref": "0.0.13",
        "repo": "secrets-events",
        "type": "github"
      }
    },
    "root": {
      "inputs": {
        "acmsl-licdata-artifact-events": "acmsl-licdata-artifact-events",
        "acmsl-licdata-artifact-events-infrastructure": "acmsl-licdata-artifact-events-infrastructure",
        "acmsl-licdata-iac-domain": "acmsl-licdata-iac-domain",
        "flake-utils": "flake-utils",
        "nixpkgs": "nixpkgs",
        "pythoneda-shared-iac-events": "pythoneda-shared-iac-events",
        "pythoneda-shared-iac-events-infrastructure": "pythoneda-shared-iac-events-infrastructure",
        "pythoneda-shared-iac-pulumi-azure": "pythoneda-shared-iac-pulumi-azure",
        "pythoneda-shared-iac-shared": "pythoneda-shared-iac-shared",
        "pythoneda-shared-pythonlang-banner": "pythoneda-shared-pythonlang-banner",
        "pythoneda-shared-pythonlang-domain": "pythoneda-shared-pythonlang-domain",
        "pythoneda-shared-pythonlang-infrastructure": "pythoneda-shared-pythonlang-infrastructure_3",
        "pythoneda-shared-runtime-secrets-events": "pythoneda-shared-runtime-secrets-events_2",
        "pythoneda-shared-runtime-secrets-events-infrastructure": "pythoneda-shared-runtime-secrets-events-infrastructure"
      }
    }
  },
  "root": "root",
  "version": 7
}
